{
  "name": "my-agent",
  "lockfileVersion": 3,
  "requires": true,
  "packages": {
    "": {
      "dependencies": {
        "sse.js": "^2.6.0"
      }
    },
    "node_modules/sse.js": {
      "version": "2.6.0",
      "resolved": "https://registry.npmjs.org/sse.js/-/sse.js-2.6.0.tgz",
      "integrity": "sha512-eGEqOwiPX9Cm+KsOYkcz7HIEqWUSOFeChr0sT515hDOBLvQy5yxaLSZx9JWMhwjf75CXJq+7cgG1MKNh9GQ36w==",
      "license": "Apache-2.0"
    }
  }
}
