{
  "name": "agent",
  "lockfileVersion": 3,
  "requires": true,
  "packages": {
    "": {
      "dependencies": {
        "marked": "^15.0.8",
        "sse.js": "^2.6.0"
      }
    },
    "node_modules/marked": {
      "version": "15.0.8",
      "resolved": "https://registry.npmjs.org/marked/-/marked-15.0.8.tgz",
      "integrity": "sha512-rli4l2LyZqpQuRve5C0rkn6pj3hT8EWPC+zkAxFTAJLxRbENfTAhEQq9itrmf1Y81QtAX5D/MYlGlIomNgj9lA==",
      "license": "MIT",
      "bin": {
        "marked": "bin/marked.js"
      },
      "engines": {
        "node": ">= 18"
      }
    },
    "node_modules/sse.js": {
      "version": "2.6.0",
      "resolved": "https://registry.npmjs.org/sse.js/-/sse.js-2.6.0.tgz",
      "integrity": "sha512-eGEqOwiPX9Cm+KsOYkcz7HIEqWUSOFeChr0sT515hDOBLvQy5yxaLSZx9JWMhwjf75CXJq+7cgG1MKNh9GQ36w==",
      "license": "Apache-2.0"
    }
  }
}
